// !$*UTF8*$!
{
	archiveVersion = 1;
	classes = {
	};
	objectVersion = 46;
	objects = {

/* Begin PBXBuildFile section */
		97370EFA1A00044C009570F9 /* Foundation.framework in Frameworks */ = {isa = PBXBuildFile; fileRef = 97370EF91A00044C009570F9 /* Foundation.framework */; };
		97370EFC1A00044C009570F9 /* CoreGraphics.framework in Frameworks */ = {isa = PBXBuildFile; fileRef = 97370EFB1A00044C009570F9 /* CoreGraphics.framework */; };
		97370EFE1A00044C009570F9 /* UIKit.framework in Frameworks */ = {isa = PBXBuildFile; fileRef = 97370EFD1A00044C009570F9 /* UIKit.framework */; };
		97370F001A00044C009570F9 /* SpriteKit.framework in Frameworks */ = {isa = PBXBuildFile; fileRef = 97370EFF1A00044C009570F9 /* SpriteKit.framework */; };
		97370F061A00044C009570F9 /* InfoPlist.strings in Resources */ = {isa = PBXBuildFile; fileRef = 97370F041A00044C009570F9 /* InfoPlist.strings */; };
		97370F081A00044C009570F9 /* main.m in Sources */ = {isa = PBXBuildFile; fileRef = 97370F071A00044C009570F9 /* main.m */; };
		97370F0C1A00044C009570F9 /* AppDelegate.m in Sources */ = {isa = PBXBuildFile; fileRef = 97370F0B1A00044C009570F9 /* AppDelegate.m */; };
		97370F0F1A00044C009570F9 /* Main.storyboard in Resources */ = {isa = PBXBuildFile; fileRef = 97370F0D1A00044C009570F9 /* Main.storyboard */; };
		97370F121A00044C009570F9 /* ViewController.m in Sources */ = {isa = PBXBuildFile; fileRef = 97370F111A00044C009570F9 /* ViewController.m */; };
		97370F151A00044C009570F9 /* MyScene.m in Sources */ = {isa = PBXBuildFile; fileRef = 97370F141A00044C009570F9 /* MyScene.m */; };
		97370F171A00044C009570F9 /* Spaceship.png in Resources */ = {isa = PBXBuildFile; fileRef = 97370F161A00044C009570F9 /* Spaceship.png */; };
		97370F191A00044C009570F9 /* Images.xcassets in Resources */ = {isa = PBXBuildFile; fileRef = 97370F181A00044C009570F9 /* Images.xcassets */; };
		97370F201A00044C009570F9 /* XCTest.framework in Frameworks */ = {isa = PBXBuildFile; fileRef = 97370F1F1A00044C009570F9 /* XCTest.framework */; };
		97370F211A00044C009570F9 /* Foundation.framework in Frameworks */ = {isa = PBXBuildFile; fileRef = 97370EF91A00044C009570F9 /* Foundation.framework */; };
		97370F221A00044C009570F9 /* UIKit.framework in Frameworks */ = {isa = PBXBuildFile; fileRef = 97370EFD1A00044C009570F9 /* UIKit.framework */; };
		97370F2A1A00044C009570F9 /* InfoPlist.strings in Resources */ = {isa = PBXBuildFile; fileRef = 97370F281A00044C009570F9 /* InfoPlist.strings */; };
		97370F2C1A00044C009570F9 /* _ParcialTests.m in Sources */ = {isa = PBXBuildFile; fileRef = 97370F2B1A00044C009570F9 /* _ParcialTests.m */; };
/* End PBXBuildFile section */

/* Begin PBXContainerItemProxy section */
		97370F231A00044C009570F9 /* PBXContainerItemProxy */ = {
			isa = PBXContainerItemProxy;
			containerPortal = 97370EEE1A00044C009570F9 /* Project object */;
			proxyType = 1;
			remoteGlobalIDString = 97370EF51A00044C009570F9;
			remoteInfo = 2Parcial;
		};
/* End PBXContainerItemProxy section */

/* Begin PBXFileReference section */
		97370EF61A00044C009570F9 /* 2Parcial.app */ = {isa = PBXFileReference; explicitFileType = wrapper.application; includeInIndex = 0; path = 2Parcial.app; sourceTree = BUILT_PRODUCTS_DIR; };
		97370EF91A00044C009570F9 /* Foundation.framework */ = {isa = PBXFileReference; lastKnownFileType = wrapper.framework; name = Foundation.framework; path = System/Library/Frameworks/Foundation.framework; sourceTree = SDKROOT; };
		97370EFB1A00044C009570F9 /* CoreGraphics.framework */ = {isa = PBXFileReference; lastKnownFileType = wrapper.framework; name = CoreGraphics.framework; path = System/Library/Frameworks/CoreGraphics.framework; sourceTree = SDKROOT; };
		97370EFD1A00044C009570F9 /* UIKit.framework */ = {isa = PBXFileReference; lastKnownFileType = wrapper.framework; name = UIKit.framework; path = System/Library/Frameworks/UIKit.framework; sourceTree = SDKROOT; };
		97370EFF1A00044C009570F9 /* SpriteKit.framework */ = {isa = PBXFileReference; lastKnownFileType = wrapper.framework; name = SpriteKit.framework; path = System/Library/Frameworks/SpriteKit.framework; sourceTree = SDKROOT; };
		97370F031A00044C009570F9 /* 2Parcial-Info.plist */ = {isa = PBXFileReference; lastKnownFileType = text.plist.xml; path = "2Parcial-Info.plist"; sourceTree = "<group>"; };
		97370F051A00044C009570F9 /* en */ = {isa = PBXFileReference; lastKnownFileType = text.plist.strings; name = en; path = en.lproj/InfoPlist.strings; sourceTree = "<group>"; };
		97370F071A00044C009570F9 /* main.m */ = {isa = PBXFileReference; lastKnownFileType = sourcecode.c.objc; path = main.m; sourceTree = "<group>"; };
		97370F091A00044C009570F9 /* 2Parcial-Prefix.pch */ = {isa = PBXFileReference; lastKnownFileType = sourcecode.c.h; path = "2Parcial-Prefix.pch"; sourceTree = "<group>"; };
		97370F0A1A00044C009570F9 /* AppDelegate.h */ = {isa = PBXFileReference; lastKnownFileType = sourcecode.c.h; path = AppDelegate.h; sourceTree = "<group>"; };
		97370F0B1A00044C009570F9 /* AppDelegate.m */ = {isa = PBXFileReference; lastKnownFileType = sourcecode.c.objc; path = AppDelegate.m; sourceTree = "<group>"; };
		97370F0E1A00044C009570F9 /* Base */ = {isa = PBXFileReference; lastKnownFileType = file.storyboard; name = Base; path = Base.lproj/Main.storyboard; sourceTree = "<group>"; };
		97370F101A00044C009570F9 /* ViewController.h */ = {isa = PBXFileReference; lastKnownFileType = sourcecode.c.h; path = ViewController.h; sourceTree = "<group>"; };
		97370F111A00044C009570F9 /* ViewController.m */ = {isa = PBXFileReference; lastKnownFileType = sourcecode.c.objc; path = ViewController.m; sourceTree = "<group>"; };
		97370F131A00044C009570F9 /* MyScene.h */ = {isa = PBXFileReference; lastKnownFileType = sourcecode.c.h; path = MyScene.h; sourceTree = "<group>"; };
		97370F141A00044C009570F9 /* MyScene.m */ = {isa = PBXFileReference; lastKnownFileType = sourcecode.c.objc; path = MyScene.m; sourceTree = "<group>"; };
		97370F161A00044C009570F9 /* Spaceship.png */ = {isa = PBXFileReference; lastKnownFileType = image.png; path = Spaceship.png; sourceTree = "<group>"; };
		97370F181A00044C009570F9 /* Images.xcassets */ = {isa = PBXFileReference; lastKnownFileType = folder.assetcatalog; path = Images.xcassets; sourceTree = "<group>"; };
		97370F1E1A00044C009570F9 /* 2ParcialTests.xctest */ = {isa = PBXFileReference; explicitFileType = wrapper.cfbundle; includeInIndex = 0; path = 2ParcialTests.xctest; sourceTree = BUILT_PRODUCTS_DIR; };
		97370F1F1A00044C009570F9 /* XCTest.framework */ = {isa = PBXFileReference; lastKnownFileType = wrapper.framework; name = XCTest.framework; path = Library/Frameworks/XCTest.framework; sourceTree = DEVELOPER_DIR; };
		97370F271A00044C009570F9 /* 2ParcialTests-Info.plist */ = {isa = PBXFileReference; lastKnownFileType = text.plist.xml; path = "2ParcialTests-Info.plist"; sourceTree = "<group>"; };
		97370F291A00044C009570F9 /* en */ = {isa = PBXFileReference; lastKnownFileType = text.plist.strings; name = en; path = en.lproj/InfoPlist.strings; sourceTree = "<group>"; };
		97370F2B1A00044C009570F9 /* _ParcialTests.m */ = {isa = PBXFileReference; lastKnownFileType = sourcecode.c.objc; path = _ParcialTests.m; sourceTree = "<group>"; };
/* End PBXFileReference section */

/* Begin PBXFrameworksBuildPhase section */
		97370EF31A00044C009570F9 /* Frameworks */ = {
			isa = PBXFrameworksBuildPhase;
			buildActionMask = 2147483647;
			files = (
				97370EFC1A00044C009570F9 /* CoreGraphics.framework in Frameworks */,
				97370EFE1A00044C009570F9 /* UIKit.framework in Frameworks */,
				97370F001A00044C009570F9 /* SpriteKit.framework in Frameworks */,
				97370EFA1A00044C009570F9 /* Foundation.framework in Frameworks */,
			);
			runOnlyForDeploymentPostprocessing = 0;
		};
		97370F1B1A00044C009570F9 /* Frameworks */ = {
			isa = PBXFrameworksBuildPhase;
			buildActionMask = 2147483647;
			files = (
				97370F201A00044C009570F9 /* XCTest.framework in Frameworks */,
				97370F221A00044C009570F9 /* UIKit.framework in Frameworks */,
				97370F211A00044C009570F9 /* Foundation.framework in Frameworks */,
			);
			runOnlyForDeploymentPostprocessing = 0;
		};
/* End PBXFrameworksBuildPhase section */

/* Begin PBXGroup section */
		97370EED1A00044C009570F9 = {
			isa = PBXGroup;
			children = (
				97370F011A00044C009570F9 /* 2Parcial */,
				97370F251A00044C009570F9 /* 2ParcialTests */,
				97370EF81A00044C009570F9 /* Frameworks */,
				97370EF71A00044C009570F9 /* Products */,
			);
			sourceTree = "<group>";
		};
		97370EF71A00044C009570F9 /* Products */ = {
			isa = PBXGroup;
			children = (
				97370EF61A00044C009570F9 /* 2Parcial.app */,
				97370F1E1A00044C009570F9 /* 2ParcialTests.xctest */,
			);
			name = Products;
			sourceTree = "<group>";
		};
		97370EF81A00044C009570F9 /* Frameworks */ = {
			isa = PBXGroup;
			children = (
				97370EF91A00044C009570F9 /* Foundation.framework */,
				97370EFB1A00044C009570F9 /* CoreGraphics.framework */,
				97370EFD1A00044C009570F9 /* UIKit.framework */,
				97370EFF1A00044C009570F9 /* SpriteKit.framework */,
				97370F1F1A00044C009570F9 /* XCTest.framework */,
			);
			name = Frameworks;
			sourceTree = "<group>";
		};
		97370F011A00044C009570F9 /* 2Parcial */ = {
			isa = PBXGroup;
			children = (
				97370F0A1A00044C009570F9 /* AppDelegate.h */,
				97370F0B1A00044C009570F9 /* AppDelegate.m */,
				97370F0D1A00044C009570F9 /* Main.storyboard */,
				97370F101A00044C009570F9 /* ViewController.h */,
				97370F111A00044C009570F9 /* ViewController.m */,
				97370F131A00044C009570F9 /* MyScene.h */,
				97370F141A00044C009570F9 /* MyScene.m */,
				97370F161A00044C009570F9 /* Spaceship.png */,
				97370F181A00044C009570F9 /* Images.xcassets */,
				97370F021A00044C009570F9 /* Supporting Files */,
			);
			path = 2Parcial;
			sourceTree = "<group>";
		};
		97370F021A00044C009570F9 /* Supporting Files */ = {
			isa = PBXGroup;
			children = (
				97370F031A00044C009570F9 /* 2Parcial-Info.plist */,
				97370F041A00044C009570F9 /* InfoPlist.strings */,
				97370F071A00044C009570F9 /* main.m */,
				97370F091A00044C009570F9 /* 2Parcial-Prefix.pch */,
			);
			name = "Supporting Files";
			sourceTree = "<group>";
		};
		97370F251A00044C009570F9 /* 2ParcialTests */ = {
			isa = PBXGroup;
			children = (
				97370F2B1A00044C009570F9 /* _ParcialTests.m */,
				97370F261A00044C009570F9 /* Supporting Files */,
			);
			path = 2ParcialTests;
			sourceTree = "<group>";
		};
		97370F261A00044C009570F9 /* Supporting Files */ = {
			isa = PBXGroup;
			children = (
				97370F271A00044C009570F9 /* 2ParcialTests-Info.plist */,
				97370F281A00044C009570F9 /* InfoPlist.strings */,
			);
			name = "Supporting Files";
			sourceTree = "<group>";
		};
/* End PBXGroup section */

/* Begin PBXNativeTarget section */
		97370EF51A00044C009570F9 /* 2Parcial */ = {
			isa = PBXNativeTarget;
			buildConfigurationList = 97370F2F1A00044C009570F9 /* Build configuration list for PBXNativeTarget "2Parcial" */;
			buildPhases = (
				97370EF21A00044C009570F9 /* Sources */,
				97370EF31A00044C009570F9 /* Frameworks */,
				97370EF41A00044C009570F9 /* Resources */,
			);
			buildRules = (
			);
			dependencies = (
			);
			name = 2Parcial;
			productName = 2Parcial;
			productReference = 97370EF61A00044C009570F9 /* 2Parcial.app */;
			productType = "com.apple.product-type.application";
		};
		97370F1D1A00044C009570F9 /* 2ParcialTests */ = {
			isa = PBXNativeTarget;
			buildConfigurationList = 97370F321A00044C009570F9 /* Build configuration list for PBXNativeTarget "2ParcialTests" */;
			buildPhases = (
				97370F1A1A00044C009570F9 /* Sources */,
				97370F1B1A00044C009570F9 /* Frameworks */,
				97370F1C1A00044C009570F9 /* Resources */,
			);
			buildRules = (
			);
			dependencies = (
				97370F241A00044C009570F9 /* PBXTargetDependency */,
			);
			name = 2ParcialTests;
			productName = 2ParcialTests;
			productReference = 97370F1E1A00044C009570F9 /* 2ParcialTests.xctest */;
			productType = "com.apple.product-type.bundle.unit-test";
		};
/* End PBXNativeTarget section */

/* Begin PBXProject section */
		97370EEE1A00044C009570F9 /* Project object */ = {
			isa = PBXProject;
			attributes = {
				LastUpgradeCheck = 0510;
				ORGANIZATIONNAME = "Alfonso Rios Garcia";
				TargetAttributes = {
					97370F1D1A00044C009570F9 = {
						TestTargetID = 97370EF51A00044C009570F9;
					};
				};
			};
			buildConfigurationList = 97370EF11A00044C009570F9 /* Build configuration list for PBXProject "2Parcial" */;
			compatibilityVersion = "Xcode 3.2";
			developmentRegion = English;
			hasScannedForEncodings = 0;
			knownRegions = (
				en,
				Base,
			);
			mainGroup = 97370EED1A00044C009570F9;
			productRefGroup = 97370EF71A00044C009570F9 /* Products */;
			projectDirPath = "";
			projectRoot = "";
			targets = (
				97370EF51A00044C009570F9 /* 2Parcial */,
				97370F1D1A00044C009570F9 /* 2ParcialTests */,
			);
		};
/* End PBXProject section */

/* Begin PBXResourcesBuildPhase section */
		97370EF41A00044C009570F9 /* Resources */ = {
			isa = PBXResourcesBuildPhase;
			buildActionMask = 2147483647;
			files = (
				97370F061A00044C009570F9 /* InfoPlist.strings in Resources */,
				97370F191A00044C009570F9 /* Images.xcassets in Resources */,
				97370F171A00044C009570F9 /* Spaceship.png in Resources */,
				97370F0F1A00044C009570F9 /* Main.storyboard in Resources */,
			);
			runOnlyForDeploymentPostprocessing = 0;
		};
		97370F1C1A00044C009570F9 /* Resources */ = {
			isa = PBXResourcesBuildPhase;
			buildActionMask = 2147483647;
			files = (
				97370F2A1A00044C009570F9 /* InfoPlist.strings in Resources */,
			);
			runOnlyForDeploymentPostprocessing = 0;
		};
/* End PBXResourcesBuildPhase section */

/* Begin PBXSourcesBuildPhase section */
		97370EF21A00044C009570F9 /* Sources */ = {
			isa = PBXSourcesBuildPhase;
			buildActionMask = 2147483647;
			files = (
				97370F151A00044C009570F9 /* MyScene.m in Sources */,
				97370F121A00044C009570F9 /* ViewController.m in Sources */,
				97370F0C1A00044C009570F9 /* AppDelegate.m in Sources */,
				97370F081A00044C009570F9 /* main.m in Sources */,
			);
			runOnlyForDeploymentPostprocessing = 0;
		};
		97370F1A1A00044C009570F9 /* Sources */ = {
			isa = PBXSourcesBuildPhase;
			buildActionMask = 2147483647;
			files = (
				97370F2C1A00044C009570F9 /* _ParcialTests.m in Sources */,
			);
			runOnlyForDeploymentPostprocessing = 0;
		};
/* End PBXSourcesBuildPhase section */

/* Begin PBXTargetDependency section */
		97370F241A00044C009570F9 /* PBXTargetDependency */ = {
			isa = PBXTargetDependency;
			target = 97370EF51A00044C009570F9 /* 2Parcial */;
			targetProxy = 97370F231A00044C009570F9 /* PBXContainerItemProxy */;
		};
/* End PBXTargetDependency section */

/* Begin PBXVariantGroup section */
		97370F041A00044C009570F9 /* InfoPlist.strings */ = {
			isa = PBXVariantGroup;
			children = (
				97370F051A00044C009570F9 /* en */,
			);
			name = InfoPlist.strings;
			sourceTree = "<group>";
		};
		97370F0D1A00044C009570F9 /* Main.storyboard */ = {
			isa = PBXVariantGroup;
			children = (
				97370F0E1A00044C009570F9 /* Base */,
			);
			name = Main.storyboard;
			sourceTree = "<group>";
		};
		97370F281A00044C009570F9 /* InfoPlist.strings */ = {
			isa = PBXVariantGroup;
			children = (
				97370F291A00044C009570F9 /* en */,
			);
			name = InfoPlist.strings;
			sourceTree = "<group>";
		};
/* End PBXVariantGroup section */

/* Begin XCBuildConfiguration section */
		97370F2D1A00044C009570F9 /* Debug */ = {
			isa = XCBuildConfiguration;
			buildSettings = {
				ALWAYS_SEARCH_USER_PATHS = NO;
				CLANG_CXX_LANGUAGE_STANDARD = "gnu++0x";
				CLANG_CXX_LIBRARY = "libc++";
				CLANG_ENABLE_MODULES = YES;
				CLANG_ENABLE_OBJC_ARC = YES;
				CLANG_WARN_BOOL_CONVERSION = YES;
				CLANG_WARN_CONSTANT_CONVERSION = YES;
				CLANG_WARN_DIRECT_OBJC_ISA_USAGE = YES_ERROR;
				CLANG_WARN_EMPTY_BODY = YES;
				CLANG_WARN_ENUM_CONVERSION = YES;
				CLANG_WARN_INT_CONVERSION = YES;
				CLANG_WARN_OBJC_ROOT_CLASS = YES_ERROR;
				CLANG_WARN__DUPLICATE_METHOD_MATCH = YES;
				"CODE_SIGN_IDENTITY[sdk=iphoneos*]" = "iPhone Developer";
				COPY_PHASE_STRIP = NO;
				GCC_C_LANGUAGE_STANDARD = gnu99;
				GCC_DYNAMIC_NO_PIC = NO;
				GCC_OPTIMIZATION_LEVEL = 0;
				GCC_PREPROCESSOR_DEFINITIONS = (
					"DEBUG=1",
					"$(inherited)",
				);
				GCC_SYMBOLS_PRIVATE_EXTERN = NO;
				GCC_WARN_64_TO_32_BIT_CONVERSION = YES;
				GCC_WARN_ABOUT_RETURN_TYPE = YES_ERROR;
				GCC_WARN_UNDECLARED_SELECTOR = YES;
				GCC_WARN_UNINITIALIZED_AUTOS = YES_AGGRESSIVE;
				GCC_WARN_UNUSED_FUNCTION = YES;
				GCC_WARN_UNUSED_VARIABLE = YES;
				IPHONEOS_DEPLOYMENT_TARGET = 7.1;
				ONLY_ACTIVE_ARCH = YES;
				SDKROOT = iphoneos;
			};
			name = Debug;
		};
		97370F2E1A00044C009570F9 /* Release */ = {
			isa = XCBuildConfiguration;
			buildSettings = {
				ALWAYS_SEARCH_USER_PATHS = NO;
				CLANG_CXX_LANGUAGE_STANDARD = "gnu++0x";
				CLANG_CXX_LIBRARY = "libc++";
				CLANG_ENABLE_MODULES = YES;
				CLANG_ENABLE_OBJC_ARC = YES;
				CLANG_WARN_BOOL_CONVERSION = YES;
				CLANG_WARN_CONSTANT_CONVERSION = YES;
				CLANG_WARN_DIRECT_OBJC_ISA_USAGE = YES_ERROR;
				CLANG_WARN_EMPTY_BODY = YES;
				CLANG_WARN_ENUM_CONVERSION = YES;
				CLANG_WARN_INT_CONVERSION = YES;
				CLANG_WARN_OBJC_ROOT_CLASS = YES_ERROR;
				CLANG_WARN__DUPLICATE_METHOD_MATCH = YES;
				"CODE_SIGN_IDENTITY[sdk=iphoneos*]" = "iPhone Developer";
				COPY_PHASE_STRIP = YES;
				ENABLE_NS_ASSERTIONS = NO;
				GCC_C_LANGUAGE_STANDARD = gnu99;
				GCC_WARN_64_TO_32_BIT_CONVERSION = YES;
				GCC_WARN_ABOUT_RETURN_TYPE = YES_ERROR;
				GCC_WARN_UNDECLARED_SELECTOR = YES;
				GCC_WARN_UNINITIALIZED_AUTOS = YES_AGGRESSIVE;
				GCC_WARN_UNUSED_FUNCTION = YES;
				GCC_WARN_UNUSED_VARIABLE = YES;
				IPHONEOS_DEPLOYMENT_TARGET = 7.1;
				SDKROOT = iphoneos;
				VALIDATE_PRODUCT = YES;
			};
			name = Release;
		};
		97370F301A00044C009570F9 /* Debug */ = {
			isa = XCBuildConfiguration;
			buildSettings = {
				ASSETCATALOG_COMPILER_APPICON_NAME = AppIcon;
				ASSETCATALOG_COMPILER_LAUNCHIMAGE_NAME = LaunchImage;
				GCC_PRECOMPILE_PREFIX_HEADER = YES;
				GCC_PREFIX_HEADER = "2Parcial/2Parcial-Prefix.pch";
				INFOPLIST_FILE = "2Parcial/2Parcial-Info.plist";
				PRODUCT_NAME = "$(TARGET_NAME)";
				SPRITEKIT_TEXTURE_ATLAS_OUTPUT = YES;
				WRAPPER_EXTENSION = app;
			};
			name = Debug;
		};
		97370F311A00044C009570F9 /* Release */ = {
			isa = XCBuildConfiguration;
			buildSettings = {
				ASSETCATALOG_COMPILER_APPICON_NAME = AppIcon;
				ASSETCATALOG_COMPILER_LAUNCHIMAGE_NAME = LaunchImage;
				GCC_PRECOMPILE_PREFIX_HEADER = YES;
				GCC_PREFIX_HEADER = "2Parcial/2Parcial-Prefix.pch";
				INFOPLIST_FILE = "2Parcial/2Parcial-Info.plist";
				PRODUCT_NAME = "$(TARGET_NAME)";
				SPRITEKIT_TEXTURE_ATLAS_OUTPUT = YES;
				WRAPPER_EXTENSION = app;
			};
			name = Release;
		};
		97370F331A00044C009570F9 /* Debug */ = {
			isa = XCBuildConfiguration;
			buildSettings = {
				BUNDLE_LOADER = "$(BUILT_PRODUCTS_DIR)/2Parcial.app/2Parcial";
				FRAMEWORK_SEARCH_PATHS = (
					"$(SDKROOT)/Developer/Library/Frameworks",
					"$(inherited)",
					"$(DEVELOPER_FRAMEWORKS_DIR)",
				);
				GCC_PRECOMPILE_PREFIX_HEADER = YES;
				GCC_PREFIX_HEADER = "2Parcial/2Parcial-Prefix.pch";
				GCC_PREPROCESSOR_DEFINITIONS = (
					"DEBUG=1",
					"$(inherited)",
				);
				INFOPLIST_FILE = "2ParcialTests/2ParcialTests-Info.plist";
				PRODUCT_NAME = "$(TARGET_NAME)";
				TEST_HOST = "$(BUNDLE_LOADER)";
				WRAPPER_EXTENSION = xctest;
			};
			name = Debug;
		};
		97370F341A00044C009570F9 /* Release */ = {
			isa = XCBuildConfiguration;
			buildSettings = {
				BUNDLE_LOADER = "$(BUILT_PRODUCTS_DIR)/2Parcial.app/2Parcial";
				FRAMEWORK_SEARCH_PATHS = (
					"$(SDKROOT)/Developer/Library/Frameworks",
					"$(inherited)",
					"$(DEVELOPER_FRAMEWORKS_DIR)",
				);
				GCC_PRECOMPILE_PREFIX_HEADER = YES;
				GCC_PREFIX_HEADER = "2Parcial/2Parcial-Prefix.pch";
				INFOPLIST_FILE = "2ParcialTests/2ParcialTests-Info.plist";
				PRODUCT_NAME = "$(TARGET_NAME)";
				TEST_HOST = "$(BUNDLE_LOADER)";
				WRAPPER_EXTENSION = xctest;
			};
			name = Release;
		};
/* End XCBuildConfiguration section */

/* Begin XCConfigurationList section */
		97370EF11A00044C009570F9 /* Build configuration list for PBXProject "2Parcial" */ = {
			isa = XCConfigurationList;
			buildConfigurations = (
				97370F2D1A00044C009570F9 /* Debug */,
				97370F2E1A00044C009570F9 /* Release */,
			);
			defaultConfigurationIsVisible = 0;
			defaultConfigurationName = Release;
		};
		97370F2F1A00044C009570F9 /* Build configuration list for PBXNativeTarget "2Parcial" */ = {
			isa = XCConfigurationList;
			buildConfigurations = (
				97370F301A00044C009570F9 /* Debug */,
				97370F311A00044C009570F9 /* Release */,
			);
			defaultConfigurationIsVisible = 0;
		};
		97370F321A00044C009570F9 /* Build configuration list for PBXNativeTarget "2ParcialTests" */ = {
			isa = XCConfigurationList;
			buildConfigurations = (
				97370F331A00044C009570F9 /* Debug */,
				97370F341A00044C009570F9 /* Release */,
			);
			defaultConfigurationIsVisible = 0;
		};
/* End XCConfigurationList section */
	};
	rootObject = 97370EEE1A00044C009570F9 /* Project object */;
}
